
Microsoft Visual Studio Solution File, Format Version 12.00
# Visual Studio Version 17
VisualStudioVersion = 17.7.34024.191
MinimumVisualStudioVersion = 10.0.40219.1
Project("{FAE04EC0-301F-11D3-BF4B-00C04F79EFBC}") = "TrackerLibrary", "TrackerLibrary\TrackerLibrary.csproj", "{FAD1AD0B-2C05-4074-8DF6-957A7AB56212}"
EndProject
Global
	GlobalSection(SolutionConfigurationPlatforms) = preSolution
		Debug|Any CPU = Debug|Any CPU
		Release|Any CPU = Release|Any CPU
	EndGlobalSection
	GlobalSection(ProjectConfigurationPlatforms) = postSolution
		{FAD1AD0B-2C05-4074-8DF6-957A7AB56212}.Debug|Any CPU.ActiveCfg = Debug|Any CPU
		{FAD1AD0B-2C05-4074-8DF6-957A7AB56212}.Debug|Any CPU.Build.0 = Debug|Any CPU
		{FAD1AD0B-2C05-4074-8DF6-957A7AB56212}.Release|Any CPU.ActiveCfg = Release|Any CPU
		{FAD1AD0B-2C05-4074-8DF6-957A7AB56212}.Release|Any CPU.Build.0 = Release|Any CPU
	EndGlobalSection
	GlobalSection(SolutionProperties) = preSolution
		HideSolutionNode = FALSE
	EndGlobalSection
	GlobalSection(ExtensibilityGlobals) = postSolution
		SolutionGuid = {54E81DA4-FD04-4119-8323-237677F26C4F}
	EndGlobalSection
EndGlobal
